{
  "nodes": {
    "nixpkgs": {
      "locked": {
        "lastModified": 1664912021,
        "narHash": "sha256-ecnQfOSxhbj0x99jcX72lfo193IexLJQ07ojOXMgruY=",
        "owner": "nixos",
        "repo": "nixpkgs",
        "rev": "603bdef4c7b21a5ae9f23f63950e95c177ff18b5",
        "type": "github"
      },
      "original": {
        "owner": "nixos",
        "repo": "nixpkgs",
        "type": "github"
      }
    },
    "root": {
      "inputs": {
        "nixpkgs": "nixpkgs"
      }
    }
  },
  "root": "root",
  "version": 7
}
